
Microsoft Visual Studio Solution File, Format Version 12.00
# Visual Studio Version 16
VisualStudioVersion = 16.0.30011.22
MinimumVisualStudioVersion = 10.0.40219.1
Project("{FAE04EC0-301F-11D3-BF4B-00C04F79EFBC}") = "PARA_ROBOT", "PARA_ROBOT\PARA_ROBOT.csproj", "{A07B0F52-1E4E-44AA-87CB-905AB27929A5}"
EndProject
Global
	GlobalSection(SolutionConfigurationPlatforms) = preSolution
		Debug|Any CPU = Debug|Any CPU
		Release|Any CPU = Release|Any CPU
	EndGlobalSection
	GlobalSection(ProjectConfigurationPlatforms) = postSolution
		{A07B0F52-1E4E-44AA-87CB-905AB27929A5}.Debug|Any CPU.ActiveCfg = Debug|Any CPU
		{A07B0F52-1E4E-44AA-87CB-905AB27929A5}.Debug|Any CPU.Build.0 = Debug|Any CPU
		{A07B0F52-1E4E-44AA-87CB-905AB27929A5}.Release|Any CPU.ActiveCfg = Release|Any CPU
		{A07B0F52-1E4E-44AA-87CB-905AB27929A5}.Release|Any CPU.Build.0 = Release|Any CPU
	EndGlobalSection
	GlobalSection(SolutionProperties) = preSolution
		HideSolutionNode = FALSE
	EndGlobalSection
	GlobalSection(ExtensibilityGlobals) = postSolution
		SolutionGuid = {02EC64CD-5EDF-4D8D-8A65-BFEABC774C99}
	EndGlobalSection
	GlobalSection(TeamFoundationVersionControl) = preSolution
		SccNumberOfProjects = 2
		SccEnterpriseProvider = {4CA58AB2-18FA-4F8D-95D4-32DDF27D184C}
		SccTeamFoundationServer = http://78.111.98.70:8080/tfs/defaultcollection
		SccLocalPath0 = .
		SccProjectUniqueName1 = PARA_ROBOT\\PARA_ROBOT.csproj
		SccProjectName1 = PARA_ROBOT
		SccLocalPath1 = PARA_ROBOT
	EndGlobalSection
EndGlobal
